// !$*UTF8*$!
{
	archiveVersion = 1;
	classes = {
	};
	objectVersion = 55;
	objects = {

/* Begin PBXBuildFile section */
		370B428C5929CBA93664F89D /* Pods_GoodNews.framework in Frameworks */ = {isa = PBXBuildFile; fileRef = 9E1DC26C9B05186B712EE3C4 /* Pods_GoodNews.framework */; };
		7B6F4D6F28925994005EA141 /* AppDelegate.swift in Sources */ = {isa = PBXBuildFile; fileRef = 7B6F4D6E28925994005EA141 /* AppDelegate.swift */; };
		7B6F4D7128925994005EA141 /* SceneDelegate.swift in Sources */ = {isa = PBXBuildFile; fileRef = 7B6F4D7028925994005EA141 /* SceneDelegate.swift */; };
		7B6F4D7628925994005EA141 /* Main.storyboard in Resources */ = {isa = PBXBuildFile; fileRef = 7B6F4D7428925994005EA141 /* Main.storyboard */; };
		7B6F4D7828925997005EA141 /* Assets.xcassets in Resources */ = {isa = PBXBuildFile; fileRef = 7B6F4D7728925997005EA141 /* Assets.xcassets */; };
		7B6F4D7B28925997005EA141 /* LaunchScreen.storyboard in Resources */ = {isa = PBXBuildFile; fileRef = 7B6F4D7928925997005EA141 /* LaunchScreen.storyboard */; };
		7B6F4D8628925997005EA141 /* GoodNewsTests.swift in Sources */ = {isa = PBXBuildFile; fileRef = 7B6F4D8528925997005EA141 /* GoodNewsTests.swift */; };
		7B6F4D9028925997005EA141 /* GoodNewsUITests.swift in Sources */ = {isa = PBXBuildFile; fileRef = 7B6F4D8F28925997005EA141 /* GoodNewsUITests.swift */; };
		7B6F4D9228925997005EA141 /* GoodNewsUITestsLaunchTests.swift in Sources */ = {isa = PBXBuildFile; fileRef = 7B6F4D9128925997005EA141 /* GoodNewsUITestsLaunchTests.swift */; };
		7B6F4DA028925A30005EA141 /* NewsTableViewController.swift in Sources */ = {isa = PBXBuildFile; fileRef = 7B6F4D9F28925A30005EA141 /* NewsTableViewController.swift */; };
		7B6F4DA328925C61005EA141 /* Article.swift in Sources */ = {isa = PBXBuildFile; fileRef = 7B6F4DA228925C61005EA141 /* Article.swift */; };
		7B6F4DA6289260CC005EA141 /* URLRequest+Extensions.swift in Sources */ = {isa = PBXBuildFile; fileRef = 7B6F4DA5289260CC005EA141 /* URLRequest+Extensions.swift */; };
		7BC3C4702893C9740086C4C3 /* ArticleViewModel.swift in Sources */ = {isa = PBXBuildFile; fileRef = 7BC3C46F2893C9740086C4C3 /* ArticleViewModel.swift */; };
		7BC3C4732893CCF50086C4C3 /* ArticleTableViewCell.swift in Sources */ = {isa = PBXBuildFile; fileRef = 7BC3C4722893CCF50086C4C3 /* ArticleTableViewCell.swift */; };
/* End PBXBuildFile section */

/* Begin PBXContainerItemProxy section */
		7B6F4D8228925997005EA141 /* PBXContainerItemProxy */ = {
			isa = PBXContainerItemProxy;
			containerPortal = 7B6F4D6328925994005EA141 /* Project object */;
			proxyType = 1;
			remoteGlobalIDString = 7B6F4D6A28925994005EA141;
			remoteInfo = GoodNews;
		};
		7B6F4D8C28925997005EA141 /* PBXContainerItemProxy */ = {
			isa = PBXContainerItemProxy;
			containerPortal = 7B6F4D6328925994005EA141 /* Project object */;
			proxyType = 1;
			remoteGlobalIDString = 7B6F4D6A28925994005EA141;
			remoteInfo = GoodNews;
		};
/* End PBXContainerItemProxy section */

/* Begin PBXFileReference section */
		2B8FF68DAE8B0CB41F4C900A /* Pods-GoodNews.debug.xcconfig */ = {isa = PBXFileReference; includeInIndex = 1; lastKnownFileType = text.xcconfig; name = "Pods-GoodNews.debug.xcconfig"; path = "Target Support Files/Pods-GoodNews/Pods-GoodNews.debug.xcconfig"; sourceTree = "<group>"; };
		7B6F4D6B28925994005EA141 /* GoodNews.app */ = {isa = PBXFileReference; explicitFileType = wrapper.application; includeInIndex = 0; path = GoodNews.app; sourceTree = BUILT_PRODUCTS_DIR; };
		7B6F4D6E28925994005EA141 /* AppDelegate.swift */ = {isa = PBXFileReference; lastKnownFileType = sourcecode.swift; path = AppDelegate.swift; sourceTree = "<group>"; };
		7B6F4D7028925994005EA141 /* SceneDelegate.swift */ = {isa = PBXFileReference; lastKnownFileType = sourcecode.swift; path = SceneDelegate.swift; sourceTree = "<group>"; };
		7B6F4D7528925994005EA141 /* Base */ = {isa = PBXFileReference; lastKnownFileType = file.storyboard; name = Base; path = Base.lproj/Main.storyboard; sourceTree = "<group>"; };
		7B6F4D7728925997005EA141 /* Assets.xcassets */ = {isa = PBXFileReference; lastKnownFileType = folder.assetcatalog; path = Assets.xcassets; sourceTree = "<group>"; };
		7B6F4D7A28925997005EA141 /* Base */ = {isa = PBXFileReference; lastKnownFileType = file.storyboard; name = Base; path = Base.lproj/LaunchScreen.storyboard; sourceTree = "<group>"; };
		7B6F4D7C28925997005EA141 /* Info.plist */ = {isa = PBXFileReference; lastKnownFileType = text.plist.xml; path = Info.plist; sourceTree = "<group>"; };
		7B6F4D8128925997005EA141 /* GoodNewsTests.xctest */ = {isa = PBXFileReference; explicitFileType = wrapper.cfbundle; includeInIndex = 0; path = GoodNewsTests.xctest; sourceTree = BUILT_PRODUCTS_DIR; };
		7B6F4D8528925997005EA141 /* GoodNewsTests.swift */ = {isa = PBXFileReference; lastKnownFileType = sourcecode.swift; path = GoodNewsTests.swift; sourceTree = "<group>"; };
		7B6F4D8B28925997005EA141 /* GoodNewsUITests.xctest */ = {isa = PBXFileReference; explicitFileType = wrapper.cfbundle; includeInIndex = 0; path = GoodNewsUITests.xctest; sourceTree = BUILT_PRODUCTS_DIR; };
		7B6F4D8F28925997005EA141 /* GoodNewsUITests.swift */ = {isa = PBXFileReference; lastKnownFileType = sourcecode.swift; path = GoodNewsUITests.swift; sourceTree = "<group>"; };
		7B6F4D9128925997005EA141 /* GoodNewsUITestsLaunchTests.swift */ = {isa = PBXFileReference; lastKnownFileType = sourcecode.swift; path = GoodNewsUITestsLaunchTests.swift; sourceTree = "<group>"; };
		7B6F4D9F28925A30005EA141 /* NewsTableViewController.swift */ = {isa = PBXFileReference; lastKnownFileType = sourcecode.swift; path = NewsTableViewController.swift; sourceTree = "<group>"; };
		7B6F4DA228925C61005EA141 /* Article.swift */ = {isa = PBXFileReference; lastKnownFileType = sourcecode.swift; path = Article.swift; sourceTree = "<group>"; };
		7B6F4DA5289260CC005EA141 /* URLRequest+Extensions.swift */ = {isa = PBXFileReference; lastKnownFileType = sourcecode.swift; path = "URLRequest+Extensions.swift"; sourceTree = "<group>"; };
		7BC3C46F2893C9740086C4C3 /* ArticleViewModel.swift */ = {isa = PBXFileReference; lastKnownFileType = sourcecode.swift; path = ArticleViewModel.swift; sourceTree = "<group>"; };
		7BC3C4722893CCF50086C4C3 /* ArticleTableViewCell.swift */ = {isa = PBXFileReference; lastKnownFileType = sourcecode.swift; path = ArticleTableViewCell.swift; sourceTree = "<group>"; };
		9E1DC26C9B05186B712EE3C4 /* Pods_GoodNews.framework */ = {isa = PBXFileReference; explicitFileType = wrapper.framework; includeInIndex = 0; path = Pods_GoodNews.framework; sourceTree = BUILT_PRODUCTS_DIR; };
		EC97A1E2503987B00EE0E19B /* Pods-GoodNews.release.xcconfig */ = {isa = PBXFileReference; includeInIndex = 1; lastKnownFileType = text.xcconfig; name = "Pods-GoodNews.release.xcconfig"; path = "Target Support Files/Pods-GoodNews/Pods-GoodNews.release.xcconfig"; sourceTree = "<group>"; };
/* End PBXFileReference section */

/* Begin PBXFrameworksBuildPhase section */
		7B6F4D6828925994005EA141 /* Frameworks */ = {
			isa = PBXFrameworksBuildPhase;
			buildActionMask = 2147483647;
			files = (
				370B428C5929CBA93664F89D /* Pods_GoodNews.framework in Frameworks */,
			);
			runOnlyForDeploymentPostprocessing = 0;
		};
		7B6F4D7E28925997005EA141 /* Frameworks */ = {
			isa = PBXFrameworksBuildPhase;
			buildActionMask = 2147483647;
			files = (
			);
			runOnlyForDeploymentPostprocessing = 0;
		};
		7B6F4D8828925997005EA141 /* Frameworks */ = {
			isa = PBXFrameworksBuildPhase;
			buildActionMask = 2147483647;
			files = (
			);
			runOnlyForDeploymentPostprocessing = 0;
		};
/* End PBXFrameworksBuildPhase section */

/* Begin PBXGroup section */
		6EB59FDF469BF3EE8F54C5DD /* Frameworks */ = {
			isa = PBXGroup;
			children = (
				9E1DC26C9B05186B712EE3C4 /* Pods_GoodNews.framework */,
			);
			name = Frameworks;
			sourceTree = "<group>";
		};
		7B6F4D6228925994005EA141 = {
			isa = PBXGroup;
			children = (
				7B6F4D6D28925994005EA141 /* GoodNews */,
				7B6F4D8428925997005EA141 /* GoodNewsTests */,
				7B6F4D8E28925997005EA141 /* GoodNewsUITests */,
				7B6F4D6C28925994005EA141 /* Products */,
				F873C15F6D42524E4899EB19 /* Pods */,
				6EB59FDF469BF3EE8F54C5DD /* Frameworks */,
			);
			sourceTree = "<group>";
		};
		7B6F4D6C28925994005EA141 /* Products */ = {
			isa = PBXGroup;
			children = (
				7B6F4D6B28925994005EA141 /* GoodNews.app */,
				7B6F4D8128925997005EA141 /* GoodNewsTests.xctest */,
				7B6F4D8B28925997005EA141 /* GoodNewsUITests.xctest */,
			);
			name = Products;
			sourceTree = "<group>";
		};
		7B6F4D6D28925994005EA141 /* GoodNews */ = {
			isa = PBXGroup;
			children = (
				7BC3C4712893CCD70086C4C3 /* Cells */,
				7BC3C46E2893C9580086C4C3 /* View Models */,
				7B6F4DA4289260AA005EA141 /* Extensions */,
				7B6F4DA128925C2D005EA141 /* Models */,
				7B6F4D9E289259D2005EA141 /* Controllers */,
				7B6F4D6E28925994005EA141 /* AppDelegate.swift */,
				7B6F4D7028925994005EA141 /* SceneDelegate.swift */,
				7B6F4D7428925994005EA141 /* Main.storyboard */,
				7B6F4D7728925997005EA141 /* Assets.xcassets */,
				7B6F4D7928925997005EA141 /* LaunchScreen.storyboard */,
				7B6F4D7C28925997005EA141 /* Info.plist */,
			);
			path = GoodNews;
			sourceTree = "<group>";
		};
		7B6F4D8428925997005EA141 /* GoodNewsTests */ = {
			isa = PBXGroup;
			children = (
				7B6F4D8528925997005EA141 /* GoodNewsTests.swift */,
			);
			path = GoodNewsTests;
			sourceTree = "<group>";
		};
		7B6F4D8E28925997005EA141 /* GoodNewsUITests */ = {
			isa = PBXGroup;
			children = (
				7B6F4D8F28925997005EA141 /* GoodNewsUITests.swift */,
				7B6F4D9128925997005EA141 /* GoodNewsUITestsLaunchTests.swift */,
			);
			path = GoodNewsUITests;
			sourceTree = "<group>";
		};
		7B6F4D9E289259D2005EA141 /* Controllers */ = {
			isa = PBXGroup;
			children = (
				7B6F4D9F28925A30005EA141 /* NewsTableViewController.swift */,
			);
			path = Controllers;
			sourceTree = "<group>";
		};
		7B6F4DA128925C2D005EA141 /* Models */ = {
			isa = PBXGroup;
			children = (
				7B6F4DA228925C61005EA141 /* Article.swift */,
			);
			path = Models;
			sourceTree = "<group>";
		};
		7B6F4DA4289260AA005EA141 /* Extensions */ = {
			isa = PBXGroup;
			children = (
				7B6F4DA5289260CC005EA141 /* URLRequest+Extensions.swift */,
			);
			path = Extensions;
			sourceTree = "<group>";
		};
		7BC3C46E2893C9580086C4C3 /* View Models */ = {
			isa = PBXGroup;
			children = (
				7BC3C46F2893C9740086C4C3 /* ArticleViewModel.swift */,
			);
			path = "View Models";
			sourceTree = "<group>";
		};
		7BC3C4712893CCD70086C4C3 /* Cells */ = {
			isa = PBXGroup;
			children = (
				7BC3C4722893CCF50086C4C3 /* ArticleTableViewCell.swift */,
			);
			path = Cells;
			sourceTree = "<group>";
		};
		F873C15F6D42524E4899EB19 /* Pods */ = {
			isa = PBXGroup;
			children = (
				2B8FF68DAE8B0CB41F4C900A /* Pods-GoodNews.debug.xcconfig */,
				EC97A1E2503987B00EE0E19B /* Pods-GoodNews.release.xcconfig */,
			);
			path = Pods;
			sourceTree = "<group>";
		};
/* End PBXGroup section */

/* Begin PBXNativeTarget section */
		7B6F4D6A28925994005EA141 /* GoodNews */ = {
			isa = PBXNativeTarget;
			buildConfigurationList = 7B6F4D9528925997005EA141 /* Build configuration list for PBXNativeTarget "GoodNews" */;
			buildPhases = (
				D15FCF3A22FF72E067A51264 /* [CP] Check Pods Manifest.lock */,
				7B6F4D6728925994005EA141 /* Sources */,
				7B6F4D6828925994005EA141 /* Frameworks */,
				7B6F4D6928925994005EA141 /* Resources */,
				1B5F3AB06F9DBE0E764BAA5E /* [CP] Embed Pods Frameworks */,
			);
			buildRules = (
			);
			dependencies = (
			);
			name = GoodNews;
			productName = GoodNews;
			productReference = 7B6F4D6B28925994005EA141 /* GoodNews.app */;
			productType = "com.apple.product-type.application";
		};
		7B6F4D8028925997005EA141 /* GoodNewsTests */ = {
			isa = PBXNativeTarget;
			buildConfigurationList = 7B6F4D9828925997005EA141 /* Build configuration list for PBXNativeTarget "GoodNewsTests" */;
			buildPhases = (
				7B6F4D7D28925997005EA141 /* Sources */,
				7B6F4D7E28925997005EA141 /* Frameworks */,
				7B6F4D7F28925997005EA141 /* Resources */,
			);
			buildRules = (
			);
			dependencies = (
				7B6F4D8328925997005EA141 /* PBXTargetDependency */,
			);
			name = GoodNewsTests;
			productName = GoodNewsTests;
			productReference = 7B6F4D8128925997005EA141 /* GoodNewsTests.xctest */;
			productType = "com.apple.product-type.bundle.unit-test";
		};
		7B6F4D8A28925997005EA141 /* GoodNewsUITests */ = {
			isa = PBXNativeTarget;
			buildConfigurationList = 7B6F4D9B28925997005EA141 /* Build configuration list for PBXNativeTarget "GoodNewsUITests" */;
			buildPhases = (
				7B6F4D8728925997005EA141 /* Sources */,
				7B6F4D8828925997005EA141 /* Frameworks */,
				7B6F4D8928925997005EA141 /* Resources */,
			);
			buildRules = (
			);
			dependencies = (
				7B6F4D8D28925997005EA141 /* PBXTargetDependency */,
			);
			name = GoodNewsUITests;
			productName = GoodNewsUITests;
			productReference = 7B6F4D8B28925997005EA141 /* GoodNewsUITests.xctest */;
			productType = "com.apple.product-type.bundle.ui-testing";
		};
/* End PBXNativeTarget section */

/* Begin PBXProject section */
		7B6F4D6328925994005EA141 /* Project object */ = {
			isa = PBXProject;
			attributes = {
				BuildIndependentTargetsInParallel = 1;
				LastSwiftUpdateCheck = 1340;
				LastUpgradeCheck = 1340;
				TargetAttributes = {
					7B6F4D6A28925994005EA141 = {
						CreatedOnToolsVersion = 13.4.1;
					};
					7B6F4D8028925997005EA141 = {
						CreatedOnToolsVersion = 13.4.1;
						TestTargetID = 7B6F4D6A28925994005EA141;
					};
					7B6F4D8A28925997005EA141 = {
						CreatedOnToolsVersion = 13.4.1;
						TestTargetID = 7B6F4D6A28925994005EA141;
					};
				};
			};
			buildConfigurationList = 7B6F4D6628925994005EA141 /* Build configuration list for PBXProject "GoodNews" */;
			compatibilityVersion = "Xcode 13.0";
			developmentRegion = en;
			hasScannedForEncodings = 0;
			knownRegions = (
				en,
				Base,
			);
			mainGroup = 7B6F4D6228925994005EA141;
			productRefGroup = 7B6F4D6C28925994005EA141 /* Products */;
			projectDirPath = "";
			projectRoot = "";
			targets = (
				7B6F4D6A28925994005EA141 /* GoodNews */,
				7B6F4D8028925997005EA141 /* GoodNewsTests */,
				7B6F4D8A28925997005EA141 /* GoodNewsUITests */,
			);
		};
/* End PBXProject section */

/* Begin PBXResourcesBuildPhase section */
		7B6F4D6928925994005EA141 /* Resources */ = {
			isa = PBXResourcesBuildPhase;
			buildActionMask = 2147483647;
			files = (
				7B6F4D7B28925997005EA141 /* LaunchScreen.storyboard in Resources */,
				7B6F4D7828925997005EA141 /* Assets.xcassets in Resources */,
				7B6F4D7628925994005EA141 /* Main.storyboard in Resources */,
			);
			runOnlyForDeploymentPostprocessing = 0;
		};
		7B6F4D7F28925997005EA141 /* Resources */ = {
			isa = PBXResourcesBuildPhase;
			buildActionMask = 2147483647;
			files = (
			);
			runOnlyForDeploymentPostprocessing = 0;
		};
		7B6F4D8928925997005EA141 /* Resources */ = {
			isa = PBXResourcesBuildPhase;
			buildActionMask = 2147483647;
			files = (
			);
			runOnlyForDeploymentPostprocessing = 0;
		};
/* End PBXResourcesBuildPhase section */

/* Begin PBXShellScriptBuildPhase section */
		1B5F3AB06F9DBE0E764BAA5E /* [CP] Embed Pods Frameworks */ = {
			isa = PBXShellScriptBuildPhase;
			buildActionMask = 2147483647;
			files = (
			);
			inputFileListPaths = (
				"${PODS_ROOT}/Target Support Files/Pods-GoodNews/Pods-GoodNews-frameworks-${CONFIGURATION}-input-files.xcfilelist",
			);
			name = "[CP] Embed Pods Frameworks";
			outputFileListPaths = (
				"${PODS_ROOT}/Target Support Files/Pods-GoodNews/Pods-GoodNews-frameworks-${CONFIGURATION}-output-files.xcfilelist",
			);
			runOnlyForDeploymentPostprocessing = 0;
			shellPath = /bin/sh;
			shellScript = "\"${PODS_ROOT}/Target Support Files/Pods-GoodNews/Pods-GoodNews-frameworks.sh\"\n";
			showEnvVarsInLog = 0;
		};
		D15FCF3A22FF72E067A51264 /* [CP] Check Pods Manifest.lock */ = {
			isa = PBXShellScriptBuildPhase;
			buildActionMask = 2147483647;
			files = (
			);
			inputFileListPaths = (
			);
			inputPaths = (
				"${PODS_PODFILE_DIR_PATH}/Podfile.lock",
				"${PODS_ROOT}/Manifest.lock",
			);
			name = "[CP] Check Pods Manifest.lock";
			outputFileListPaths = (
			);
			outputPaths = (
				"$(DERIVED_FILE_DIR)/Pods-GoodNews-checkManifestLockResult.txt",
			);
			runOnlyForDeploymentPostprocessing = 0;
			shellPath = /bin/sh;
			shellScript = "diff \"${PODS_PODFILE_DIR_PATH}/Podfile.lock\" \"${PODS_ROOT}/Manifest.lock\" > /dev/null\nif [ $? != 0 ] ; then\n    # print error to STDERR\n    echo \"error: The sandbox is not in sync with the Podfile.lock. Run 'pod install' or update your CocoaPods installation.\" >&2\n    exit 1\nfi\n# This output is used by Xcode 'outputs' to avoid re-running this script phase.\necho \"SUCCESS\" > \"${SCRIPT_OUTPUT_FILE_0}\"\n";
			showEnvVarsInLog = 0;
		};
/* End PBXShellScriptBuildPhase section */

/* Begin PBXSourcesBuildPhase section */
		7B6F4D6728925994005EA141 /* Sources */ = {
			isa = PBXSourcesBuildPhase;
			buildActionMask = 2147483647;
			files = (
				7B6F4DA328925C61005EA141 /* Article.swift in Sources */,
				7B6F4D6F28925994005EA141 /* AppDelegate.swift in Sources */,
				7B6F4D7128925994005EA141 /* SceneDelegate.swift in Sources */,
				7BC3C4702893C9740086C4C3 /* ArticleViewModel.swift in Sources */,
				7B6F4DA6289260CC005EA141 /* URLRequest+Extensions.swift in Sources */,
				7BC3C4732893CCF50086C4C3 /* ArticleTableViewCell.swift in Sources */,
				7B6F4DA028925A30005EA141 /* NewsTableViewController.swift in Sources */,
			);
			runOnlyForDeploymentPostprocessing = 0;
		};
		7B6F4D7D28925997005EA141 /* Sources */ = {
			isa = PBXSourcesBuildPhase;
			buildActionMask = 2147483647;
			files = (
				7B6F4D8628925997005EA141 /* GoodNewsTests.swift in Sources */,
			);
			runOnlyForDeploymentPostprocessing = 0;
		};
		7B6F4D8728925997005EA141 /* Sources */ = {
			isa = PBXSourcesBuildPhase;
			buildActionMask = 2147483647;
			files = (
				7B6F4D9228925997005EA141 /* GoodNewsUITestsLaunchTests.swift in Sources */,
				7B6F4D9028925997005EA141 /* GoodNewsUITests.swift in Sources */,
			);
			runOnlyForDeploymentPostprocessing = 0;
		};
/* End PBXSourcesBuildPhase section */

/* Begin PBXTargetDependency section */
		7B6F4D8328925997005EA141 /* PBXTargetDependency */ = {
			isa = PBXTargetDependency;
			target = 7B6F4D6A28925994005EA141 /* GoodNews */;
			targetProxy = 7B6F4D8228925997005EA141 /* PBXContainerItemProxy */;
		};
		7B6F4D8D28925997005EA141 /* PBXTargetDependency */ = {
			isa = PBXTargetDependency;
			target = 7B6F4D6A28925994005EA141 /* GoodNews */;
			targetProxy = 7B6F4D8C28925997005EA141 /* PBXContainerItemProxy */;
		};
/* End PBXTargetDependency section */

/* Begin PBXVariantGroup section */
		7B6F4D7428925994005EA141 /* Main.storyboard */ = {
			isa = PBXVariantGroup;
			children = (
				7B6F4D7528925994005EA141 /* Base */,
			);
			name = Main.storyboard;
			sourceTree = "<group>";
		};
		7B6F4D7928925997005EA141 /* LaunchScreen.storyboard */ = {
			isa = PBXVariantGroup;
			children = (
				7B6F4D7A28925997005EA141 /* Base */,
			);
			name = LaunchScreen.storyboard;
			sourceTree = "<group>";
		};
/* End PBXVariantGroup section */

/* Begin XCBuildConfiguration section */
		7B6F4D9328925997005EA141 /* Debug */ = {
			isa = XCBuildConfiguration;
			buildSettings = {
				ALWAYS_SEARCH_USER_PATHS = NO;
				CLANG_ANALYZER_NONNULL = YES;
				CLANG_ANALYZER_NUMBER_OBJECT_CONVERSION = YES_AGGRESSIVE;
				CLANG_CXX_LANGUAGE_STANDARD = "gnu++17";
				CLANG_ENABLE_MODULES = YES;
				CLANG_ENABLE_OBJC_ARC = YES;
				CLANG_ENABLE_OBJC_WEAK = YES;
				CLANG_WARN_BLOCK_CAPTURE_AUTORELEASING = YES;
				CLANG_WARN_BOOL_CONVERSION = YES;
				CLANG_WARN_COMMA = YES;
				CLANG_WARN_CONSTANT_CONVERSION = YES;
				CLANG_WARN_DEPRECATED_OBJC_IMPLEMENTATIONS = YES;
				CLANG_WARN_DIRECT_OBJC_ISA_USAGE = YES_ERROR;
				CLANG_WARN_DOCUMENTATION_COMMENTS = YES;
				CLANG_WARN_EMPTY_BODY = YES;
				CLANG_WARN_ENUM_CONVERSION = YES;
				CLANG_WARN_INFINITE_RECURSION = YES;
				CLANG_WARN_INT_CONVERSION = YES;
				CLANG_WARN_NON_LITERAL_NULL_CONVERSION = YES;
				CLANG_WARN_OBJC_IMPLICIT_RETAIN_SELF = YES;
				CLANG_WARN_OBJC_LITERAL_CONVERSION = YES;
				CLANG_WARN_OBJC_ROOT_CLASS = YES_ERROR;
				CLANG_WARN_QUOTED_INCLUDE_IN_FRAMEWORK_HEADER = YES;
				CLANG_WARN_RANGE_LOOP_ANALYSIS = YES;
				CLANG_WARN_STRICT_PROTOTYPES = YES;
				CLANG_WARN_SUSPICIOUS_MOVE = YES;
				CLANG_WARN_UNGUARDED_AVAILABILITY = YES_AGGRESSIVE;
				CLANG_WARN_UNREACHABLE_CODE = YES;
				CLANG_WARN__DUPLICATE_METHOD_MATCH = YES;
				COPY_PHASE_STRIP = NO;
				DEBUG_INFORMATION_FORMAT = dwarf;
				ENABLE_STRICT_OBJC_MSGSEND = YES;
				ENABLE_TESTABILITY = YES;
				GCC_C_LANGUAGE_STANDARD = gnu11;
				GCC_DYNAMIC_NO_PIC = NO;
				GCC_NO_COMMON_BLOCKS = YES;
				GCC_OPTIMIZATION_LEVEL = 0;
				GCC_PREPROCESSOR_DEFINITIONS = (
					"DEBUG=1",
					"$(inherited)",
				);
				GCC_WARN_64_TO_32_BIT_CONVERSION = YES;
				GCC_WARN_ABOUT_RETURN_TYPE = YES_ERROR;
				GCC_WARN_UNDECLARED_SELECTOR = YES;
				GCC_WARN_UNINITIALIZED_AUTOS = YES_AGGRESSIVE;
				GCC_WARN_UNUSED_FUNCTION = YES;
				GCC_WARN_UNUSED_VARIABLE = YES;
				IPHONEOS_DEPLOYMENT_TARGET = 15.5;
				MTL_ENABLE_DEBUG_INFO = INCLUDE_SOURCE;
				MTL_FAST_MATH = YES;
				ONLY_ACTIVE_ARCH = YES;
				SDKROOT = iphoneos;
				SWIFT_ACTIVE_COMPILATION_CONDITIONS = DEBUG;
				SWIFT_OPTIMIZATION_LEVEL = "-Onone";
			};
			name = Debug;
		};
		7B6F4D9428925997005EA141 /* Release */ = {
			isa = XCBuildConfiguration;
			buildSettings = {
				ALWAYS_SEARCH_USER_PATHS = NO;
				CLANG_ANALYZER_NONNULL = YES;
				CLANG_ANALYZER_NUMBER_OBJECT_CONVERSION = YES_AGGRESSIVE;
				CLANG_CXX_LANGUAGE_STANDARD = "gnu++17";
				CLANG_ENABLE_MODULES = YES;
				CLANG_ENABLE_OBJC_ARC = YES;
				CLANG_ENABLE_OBJC_WEAK = YES;
				CLANG_WARN_BLOCK_CAPTURE_AUTORELEASING = YES;
				CLANG_WARN_BOOL_CONVERSION = YES;
				CLANG_WARN_COMMA = YES;
				CLANG_WARN_CONSTANT_CONVERSION = YES;
				CLANG_WARN_DEPRECATED_OBJC_IMPLEMENTATIONS = YES;
				CLANG_WARN_DIRECT_OBJC_ISA_USAGE = YES_ERROR;
				CLANG_WARN_DOCUMENTATION_COMMENTS = YES;
				CLANG_WARN_EMPTY_BODY = YES;
				CLANG_WARN_ENUM_CONVERSION = YES;
				CLANG_WARN_INFINITE_RECURSION = YES;
				CLANG_WARN_INT_CONVERSION = YES;
				CLANG_WARN_NON_LITERAL_NULL_CONVERSION = YES;
				CLANG_WARN_OBJC_IMPLICIT_RETAIN_SELF = YES;
				CLANG_WARN_OBJC_LITERAL_CONVERSION = YES;
				CLANG_WARN_OBJC_ROOT_CLASS = YES_ERROR;
				CLANG_WARN_QUOTED_INCLUDE_IN_FRAMEWORK_HEADER = YES;
				CLANG_WARN_RANGE_LOOP_ANALYSIS = YES;
				CLANG_WARN_STRICT_PROTOTYPES = YES;
				CLANG_WARN_SUSPICIOUS_MOVE = YES;
				CLANG_WARN_UNGUARDED_AVAILABILITY = YES_AGGRESSIVE;
				CLANG_WARN_UNREACHABLE_CODE = YES;
				CLANG_WARN__DUPLICATE_METHOD_MATCH = YES;
				COPY_PHASE_STRIP = NO;
				DEBUG_INFORMATION_FORMAT = "dwarf-with-dsym";
				ENABLE_NS_ASSERTIONS = NO;
				ENABLE_STRICT_OBJC_MSGSEND = YES;
				GCC_C_LANGUAGE_STANDARD = gnu11;
				GCC_NO_COMMON_BLOCKS = YES;
				GCC_WARN_64_TO_32_BIT_CONVERSION = YES;
				GCC_WARN_ABOUT_RETURN_TYPE = YES_ERROR;
				GCC_WARN_UNDECLARED_SELECTOR = YES;
				GCC_WARN_UNINITIALIZED_AUTOS = YES_AGGRESSIVE;
				GCC_WARN_UNUSED_FUNCTION = YES;
				GCC_WARN_UNUSED_VARIABLE = YES;
				IPHONEOS_DEPLOYMENT_TARGET = 15.5;
				MTL_ENABLE_DEBUG_INFO = NO;
				MTL_FAST_MATH = YES;
				SDKROOT = iphoneos;
				SWIFT_COMPILATION_MODE = wholemodule;
				SWIFT_OPTIMIZATION_LEVEL = "-O";
				VALIDATE_PRODUCT = YES;
			};
			name = Release;
		};
		7B6F4D9628925997005EA141 /* Debug */ = {
			isa = XCBuildConfiguration;
			baseConfigurationReference = 2B8FF68DAE8B0CB41F4C900A /* Pods-GoodNews.debug.xcconfig */;
			buildSettings = {
				ASSETCATALOG_COMPILER_APPICON_NAME = AppIcon;
				ASSETCATALOG_COMPILER_GLOBAL_ACCENT_COLOR_NAME = AccentColor;
				CODE_SIGN_STYLE = Automatic;
				CURRENT_PROJECT_VERSION = 1;
				DEVELOPMENT_TEAM = 38UF333D7H;
				GENERATE_INFOPLIST_FILE = YES;
				INFOPLIST_FILE = GoodNews/Info.plist;
				INFOPLIST_KEY_UIApplicationSupportsIndirectInputEvents = YES;
				INFOPLIST_KEY_UILaunchStoryboardName = LaunchScreen;
				INFOPLIST_KEY_UIMainStoryboardFile = Main;
				INFOPLIST_KEY_UISupportedInterfaceOrientations_iPad = "UIInterfaceOrientationPortrait UIInterfaceOrientationPortraitUpsideDown UIInterfaceOrientationLandscapeLeft UIInterfaceOrientationLandscapeRight";
				INFOPLIST_KEY_UISupportedInterfaceOrientations_iPhone = "UIInterfaceOrientationPortrait UIInterfaceOrientationLandscapeLeft UIInterfaceOrientationLandscapeRight";
				LD_RUNPATH_SEARCH_PATHS = (
					"$(inherited)",
					"@executable_path/Frameworks",
				);
				MARKETING_VERSION = 1.0;
				PRODUCT_BUNDLE_IDENTIFIER = BPMtest.GoodNews;
				PRODUCT_NAME = "$(TARGET_NAME)";
				SWIFT_EMIT_LOC_STRINGS = YES;
				SWIFT_VERSION = 5.0;
				TARGETED_DEVICE_FAMILY = "1,2";
			};
			name = Debug;
		};
		7B6F4D9728925997005EA141 /* Release */ = {
			isa = XCBuildConfiguration;
			baseConfigurationReference = EC97A1E2503987B00EE0E19B /* Pods-GoodNews.release.xcconfig */;
			buildSettings = {
				ASSETCATALOG_COMPILER_APPICON_NAME = AppIcon;
				ASSETCATALOG_COMPILER_GLOBAL_ACCENT_COLOR_NAME = AccentColor;
				CODE_SIGN_STYLE = Automatic;
				CURRENT_PROJECT_VERSION = 1;
				DEVELOPMENT_TEAM = 38UF333D7H;
				GENERATE_INFOPLIST_FILE = YES;
				INFOPLIST_FILE = GoodNews/Info.plist;
				INFOPLIST_KEY_UIApplicationSupportsIndirectInputEvents = YES;
				INFOPLIST_KEY_UILaunchStoryboardName = LaunchScreen;
				INFOPLIST_KEY_UIMainStoryboardFile = Main;
				INFOPLIST_KEY_UISupportedInterfaceOrientations_iPad = "UIInterfaceOrientationPortrait UIInterfaceOrientationPortraitUpsideDown UIInterfaceOrientationLandscapeLeft UIInterfaceOrientationLandscapeRight";
				INFOPLIST_KEY_UISupportedInterfaceOrientations_iPhone = "UIInterfaceOrientationPortrait UIInterfaceOrientationLandscapeLeft UIInterfaceOrientationLandscapeRight";
				LD_RUNPATH_SEARCH_PATHS = (
					"$(inherited)",
					"@executable_path/Frameworks",
				);
				MARKETING_VERSION = 1.0;
				PRODUCT_BUNDLE_IDENTIFIER = BPMtest.GoodNews;
				PRODUCT_NAME = "$(TARGET_NAME)";
				SWIFT_EMIT_LOC_STRINGS = YES;
				SWIFT_VERSION = 5.0;
				TARGETED_DEVICE_FAMILY = "1,2";
			};
			name = Release;
		};
		7B6F4D9928925997005EA141 /* Debug */ = {
			isa = XCBuildConfiguration;
			buildSettings = {
				ALWAYS_EMBED_SWIFT_STANDARD_LIBRARIES = YES;
				BUNDLE_LOADER = "$(TEST_HOST)";
				CODE_SIGN_STYLE = Automatic;
				CURRENT_PROJECT_VERSION = 1;
				DEVELOPMENT_TEAM = 38UF333D7H;
				GENERATE_INFOPLIST_FILE = YES;
				IPHONEOS_DEPLOYMENT_TARGET = 15.5;
				MARKETING_VERSION = 1.0;
				PRODUCT_BUNDLE_IDENTIFIER = BPMtest.GoodNewsTests;
				PRODUCT_NAME = "$(TARGET_NAME)";
				SWIFT_EMIT_LOC_STRINGS = NO;
				SWIFT_VERSION = 5.0;
				TARGETED_DEVICE_FAMILY = "1,2";
				TEST_HOST = "$(BUILT_PRODUCTS_DIR)/GoodNews.app/GoodNews";
			};
			name = Debug;
		};
		7B6F4D9A28925997005EA141 /* Release */ = {
			isa = XCBuildConfiguration;
			buildSettings = {
				ALWAYS_EMBED_SWIFT_STANDARD_LIBRARIES = YES;
				BUNDLE_LOADER = "$(TEST_HOST)";
				CODE_SIGN_STYLE = Automatic;
				CURRENT_PROJECT_VERSION = 1;
				DEVELOPMENT_TEAM = 38UF333D7H;
				GENERATE_INFOPLIST_FILE = YES;
				IPHONEOS_DEPLOYMENT_TARGET = 15.5;
				MARKETING_VERSION = 1.0;
				PRODUCT_BUNDLE_IDENTIFIER = BPMtest.GoodNewsTests;
				PRODUCT_NAME = "$(TARGET_NAME)";
				SWIFT_EMIT_LOC_STRINGS = NO;
				SWIFT_VERSION = 5.0;
				TARGETED_DEVICE_FAMILY = "1,2";
				TEST_HOST = "$(BUILT_PRODUCTS_DIR)/GoodNews.app/GoodNews";
			};
			name = Release;
		};
		7B6F4D9C28925997005EA141 /* Debug */ = {
			isa = XCBuildConfiguration;
			buildSettings = {
				ALWAYS_EMBED_SWIFT_STANDARD_LIBRARIES = YES;
				CODE_SIGN_STYLE = Automatic;
				CURRENT_PROJECT_VERSION = 1;
				DEVELOPMENT_TEAM = 38UF333D7H;
				GENERATE_INFOPLIST_FILE = YES;
				MARKETING_VERSION = 1.0;
				PRODUCT_BUNDLE_IDENTIFIER = BPMtest.GoodNewsUITests;
				PRODUCT_NAME = "$(TARGET_NAME)";
				SWIFT_EMIT_LOC_STRINGS = NO;
				SWIFT_VERSION = 5.0;
				TARGETED_DEVICE_FAMILY = "1,2";
				TEST_TARGET_NAME = GoodNews;
			};
			name = Debug;
		};
		7B6F4D9D28925997005EA141 /* Release */ = {
			isa = XCBuildConfiguration;
			buildSettings = {
				ALWAYS_EMBED_SWIFT_STANDARD_LIBRARIES = YES;
				CODE_SIGN_STYLE = Automatic;
				CURRENT_PROJECT_VERSION = 1;
				DEVELOPMENT_TEAM = 38UF333D7H;
				GENERATE_INFOPLIST_FILE = YES;
				MARKETING_VERSION = 1.0;
				PRODUCT_BUNDLE_IDENTIFIER = BPMtest.GoodNewsUITests;
				PRODUCT_NAME = "$(TARGET_NAME)";
				SWIFT_EMIT_LOC_STRINGS = NO;
				SWIFT_VERSION = 5.0;
				TARGETED_DEVICE_FAMILY = "1,2";
				TEST_TARGET_NAME = GoodNews;
			};
			name = Release;
		};
/* End XCBuildConfiguration section */

/* Begin XCConfigurationList section */
		7B6F4D6628925994005EA141 /* Build configuration list for PBXProject "GoodNews" */ = {
			isa = XCConfigurationList;
			buildConfigurations = (
				7B6F4D9328925997005EA141 /* Debug */,
				7B6F4D9428925997005EA141 /* Release */,
			);
			defaultConfigurationIsVisible = 0;
			defaultConfigurationName = Release;
		};
		7B6F4D9528925997005EA141 /* Build configuration list for PBXNativeTarget "GoodNews" */ = {
			isa = XCConfigurationList;
			buildConfigurations = (
				7B6F4D9628925997005EA141 /* Debug */,
				7B6F4D9728925997005EA141 /* Release */,
			);
			defaultConfigurationIsVisible = 0;
			defaultConfigurationName = Release;
		};
		7B6F4D9828925997005EA141 /* Build configuration list for PBXNativeTarget "GoodNewsTests" */ = {
			isa = XCConfigurationList;
			buildConfigurations = (
				7B6F4D9928925997005EA141 /* Debug */,
				7B6F4D9A28925997005EA141 /* Release */,
			);
			defaultConfigurationIsVisible = 0;
			defaultConfigurationName = Release;
		};
		7B6F4D9B28925997005EA141 /* Build configuration list for PBXNativeTarget "GoodNewsUITests" */ = {
			isa = XCConfigurationList;
			buildConfigurations = (
				7B6F4D9C28925997005EA141 /* Debug */,
				7B6F4D9D28925997005EA141 /* Release */,
			);
			defaultConfigurationIsVisible = 0;
			defaultConfigurationName = Release;
		};
/* End XCConfigurationList section */
	};
	rootObject = 7B6F4D6328925994005EA141 /* Project object */;
}
